// !$*UTF8*$!
{
	archiveVersion = 1;
	classes = {
	};
	objectVersion = 56;
	objects = {

/* Begin PBXBuildFile section */
		FF6EBE632BCBA2E700D1187F /* VolumeVibeApp.swift in Sources */ = {isa = PBXBuildFile; fileRef = FF6EBE622BCBA2E700D1187F /* VolumeVibeApp.swift */; };
		FF6EBE652BCBA2E700D1187F /* ContentView.swift in Sources */ = {isa = PBXBuildFile; fileRef = FF6EBE642BCBA2E700D1187F /* ContentView.swift */; };
		FF6EBE672BCBA2E800D1187F /* Assets.xcassets in Resources */ = {isa = PBXBuildFile; fileRef = FF6EBE662BCBA2E800D1187F /* Assets.xcassets */; };
		FF6EBE6A2BCBA2E800D1187F /* Preview Assets.xcassets in Resources */ = {isa = PBXBuildFile; fileRef = FF6EBE692BCBA2E800D1187F /* Preview Assets.xcassets */; };
		FF6EBE742BCBA2E900D1187F /* VolumeVibeTests.swift in Sources */ = {isa = PBXBuildFile; fileRef = FF6EBE732BCBA2E900D1187F /* VolumeVibeTests.swift */; };
		FF6EBE7E2BCBA2E900D1187F /* VolumeVibeUITests.swift in Sources */ = {isa = PBXBuildFile; fileRef = FF6EBE7D2BCBA2E900D1187F /* VolumeVibeUITests.swift */; };
		FF6EBE802BCBA2E900D1187F /* VolumeVibeUITestsLaunchTests.swift in Sources */ = {isa = PBXBuildFile; fileRef = FF6EBE7F2BCBA2E900D1187F /* VolumeVibeUITestsLaunchTests.swift */; };
		FFA9FD942BCBD9E000356E9E /* VolumeVibeFunctions.swift in Sources */ = {isa = PBXBuildFile; fileRef = FFA9FD932BCBD9E000356E9E /* VolumeVibeFunctions.swift */; };
/* End PBXBuildFile section */

/* Begin PBXContainerItemProxy section */
		FF6EBE702BCBA2E900D1187F /* PBXContainerItemProxy */ = {
			isa = PBXContainerItemProxy;
			containerPortal = FF6EBE572BCBA2E700D1187F /* Project object */;
			proxyType = 1;
			remoteGlobalIDString = FF6EBE5E2BCBA2E700D1187F;
			remoteInfo = VolumeVibe;
		};
		FF6EBE7A2BCBA2E900D1187F /* PBXContainerItemProxy */ = {
			isa = PBXContainerItemProxy;
			containerPortal = FF6EBE572BCBA2E700D1187F /* Project object */;
			proxyType = 1;
			remoteGlobalIDString = FF6EBE5E2BCBA2E700D1187F;
			remoteInfo = VolumeVibe;
		};
/* End PBXContainerItemProxy section */

/* Begin PBXFileReference section */
		FF6EBE5F2BCBA2E700D1187F /* VolumeVibe.app */ = {isa = PBXFileReference; explicitFileType = wrapper.application; includeInIndex = 0; path = VolumeVibe.app; sourceTree = BUILT_PRODUCTS_DIR; };
		FF6EBE622BCBA2E700D1187F /* VolumeVibeApp.swift */ = {isa = PBXFileReference; lastKnownFileType = sourcecode.swift; path = VolumeVibeApp.swift; sourceTree = "<group>"; };
		FF6EBE642BCBA2E700D1187F /* ContentView.swift */ = {isa = PBXFileReference; lastKnownFileType = sourcecode.swift; path = ContentView.swift; sourceTree = "<group>"; };
		FF6EBE662BCBA2E800D1187F /* Assets.xcassets */ = {isa = PBXFileReference; lastKnownFileType = folder.assetcatalog; path = Assets.xcassets; sourceTree = "<group>"; };
		FF6EBE692BCBA2E800D1187F /* Preview Assets.xcassets */ = {isa = PBXFileReference; lastKnownFileType = folder.assetcatalog; path = "Preview Assets.xcassets"; sourceTree = "<group>"; };
		FF6EBE6F2BCBA2E900D1187F /* VolumeVibeTests.xctest */ = {isa = PBXFileReference; explicitFileType = wrapper.cfbundle; includeInIndex = 0; path = VolumeVibeTests.xctest; sourceTree = BUILT_PRODUCTS_DIR; };
		FF6EBE732BCBA2E900D1187F /* VolumeVibeTests.swift */ = {isa = PBXFileReference; lastKnownFileType = sourcecode.swift; path = VolumeVibeTests.swift; sourceTree = "<group>"; };
		FF6EBE792BCBA2E900D1187F /* VolumeVibeUITests.xctest */ = {isa = PBXFileReference; explicitFileType = wrapper.cfbundle; includeInIndex = 0; path = VolumeVibeUITests.xctest; sourceTree = BUILT_PRODUCTS_DIR; };
		FF6EBE7D2BCBA2E900D1187F /* VolumeVibeUITests.swift */ = {isa = PBXFileReference; lastKnownFileType = sourcecode.swift; path = VolumeVibeUITests.swift; sourceTree = "<group>"; };
		FF6EBE7F2BCBA2E900D1187F /* VolumeVibeUITestsLaunchTests.swift */ = {isa = PBXFileReference; lastKnownFileType = sourcecode.swift; path = VolumeVibeUITestsLaunchTests.swift; sourceTree = "<group>"; };
		FFA9FD932BCBD9E000356E9E /* VolumeVibeFunctions.swift */ = {isa = PBXFileReference; lastKnownFileType = sourcecode.swift; path = VolumeVibeFunctions.swift; sourceTree = "<group>"; };
/* End PBXFileReference section */

/* Begin PBXFrameworksBuildPhase section */
		FF6EBE5C2BCBA2E700D1187F /* Frameworks */ = {
			isa = PBXFrameworksBuildPhase;
			buildActionMask = 2147483647;
			files = (
			);
			runOnlyForDeploymentPostprocessing = 0;
		};
		FF6EBE6C2BCBA2E900D1187F /* Frameworks */ = {
			isa = PBXFrameworksBuildPhase;
			buildActionMask = 2147483647;
			files = (
			);
			runOnlyForDeploymentPostprocessing = 0;
		};
		FF6EBE762BCBA2E900D1187F /* Frameworks */ = {
			isa = PBXFrameworksBuildPhase;
			buildActionMask = 2147483647;
			files = (
			);
			runOnlyForDeploymentPostprocessing = 0;
		};
/* End PBXFrameworksBuildPhase section */

/* Begin PBXGroup section */
		FF6EBE562BCBA2E700D1187F = {
			isa = PBXGroup;
			children = (
				FF6EBE612BCBA2E700D1187F /* VolumeVibe */,
				FF6EBE722BCBA2E900D1187F /* VolumeVibeTests */,
				FF6EBE7C2BCBA2E900D1187F /* VolumeVibeUITests */,
				FF6EBE602BCBA2E700D1187F /* Products */,
			);
			sourceTree = "<group>";
		};
		FF6EBE602BCBA2E700D1187F /* Products */ = {
			isa = PBXGroup;
			children = (
				FF6EBE5F2BCBA2E700D1187F /* VolumeVibe.app */,
				FF6EBE6F2BCBA2E900D1187F /* VolumeVibeTests.xctest */,
				FF6EBE792BCBA2E900D1187F /* VolumeVibeUITests.xctest */,
			);
			name = Products;
			sourceTree = "<group>";
		};
		FF6EBE612BCBA2E700D1187F /* VolumeVibe */ = {
			isa = PBXGroup;
			children = (
				FF6EBE622BCBA2E700D1187F /* VolumeVibeApp.swift */,
				FF6EBE642BCBA2E700D1187F /* ContentView.swift */,
				FFA9FD932BCBD9E000356E9E /* VolumeVibeFunctions.swift */,
				FF6EBE662BCBA2E800D1187F /* Assets.xcassets */,
				FF6EBE682BCBA2E800D1187F /* Preview Content */,
			);
			path = VolumeVibe;
			sourceTree = "<group>";
		};
		FF6EBE682BCBA2E800D1187F /* Preview Content */ = {
			isa = PBXGroup;
			children = (
				FF6EBE692BCBA2E800D1187F /* Preview Assets.xcassets */,
			);
			path = "Preview Content";
			sourceTree = "<group>";
		};
		FF6EBE722BCBA2E900D1187F /* VolumeVibeTests */ = {
			isa = PBXGroup;
			children = (
				FF6EBE732BCBA2E900D1187F /* VolumeVibeTests.swift */,
			);
			path = VolumeVibeTests;
			sourceTree = "<group>";
		};
		FF6EBE7C2BCBA2E900D1187F /* VolumeVibeUITests */ = {
			isa = PBXGroup;
			children = (
				FF6EBE7D2BCBA2E900D1187F /* VolumeVibeUITests.swift */,
				FF6EBE7F2BCBA2E900D1187F /* VolumeVibeUITestsLaunchTests.swift */,
			);
			path = VolumeVibeUITests;
			sourceTree = "<group>";
		};
/* End PBXGroup section */

/* Begin PBXNativeTarget section */
		FF6EBE5E2BCBA2E700D1187F /* VolumeVibe */ = {
			isa = PBXNativeTarget;
			buildConfigurationList = FF6EBE832BCBA2E900D1187F /* Build configuration list for PBXNativeTarget "VolumeVibe" */;
			buildPhases = (
				FF6EBE5B2BCBA2E700D1187F /* Sources */,
				FF6EBE5C2BCBA2E700D1187F /* Frameworks */,
				FF6EBE5D2BCBA2E700D1187F /* Resources */,
			);
			buildRules = (
			);
			dependencies = (
			);
			name = VolumeVibe;
			productName = VolumeVibe;
			productReference = FF6EBE5F2BCBA2E700D1187F /* VolumeVibe.app */;
			productType = "com.apple.product-type.application";
		};
		FF6EBE6E2BCBA2E900D1187F /* VolumeVibeTests */ = {
			isa = PBXNativeTarget;
			buildConfigurationList = FF6EBE862BCBA2E900D1187F /* Build configuration list for PBXNativeTarget "VolumeVibeTests" */;
			buildPhases = (
				FF6EBE6B2BCBA2E900D1187F /* Sources */,
				FF6EBE6C2BCBA2E900D1187F /* Frameworks */,
				FF6EBE6D2BCBA2E900D1187F /* Resources */,
			);
			buildRules = (
			);
			dependencies = (
				FF6EBE712BCBA2E900D1187F /* PBXTargetDependency */,
			);
			name = VolumeVibeTests;
			productName = VolumeVibeTests;
			productReference = FF6EBE6F2BCBA2E900D1187F /* VolumeVibeTests.xctest */;
			productType = "com.apple.product-type.bundle.unit-test";
		};
		FF6EBE782BCBA2E900D1187F /* VolumeVibeUITests */ = {
			isa = PBXNativeTarget;
			buildConfigurationList = FF6EBE892BCBA2E900D1187F /* Build configuration list for PBXNativeTarget "VolumeVibeUITests" */;
			buildPhases = (
				FF6EBE752BCBA2E900D1187F /* Sources */,
				FF6EBE762BCBA2E900D1187F /* Frameworks */,
				FF6EBE772BCBA2E900D1187F /* Resources */,
			);
			buildRules = (
			);
			dependencies = (
				FF6EBE7B2BCBA2E900D1187F /* PBXTargetDependency */,
			);
			name = VolumeVibeUITests;
			productName = VolumeVibeUITests;
			productReference = FF6EBE792BCBA2E900D1187F /* VolumeVibeUITests.xctest */;
			productType = "com.apple.product-type.bundle.ui-testing";
		};
/* End PBXNativeTarget section */

/* Begin PBXProject section */
		FF6EBE572BCBA2E700D1187F /* Project object */ = {
			isa = PBXProject;
			attributes = {
				BuildIndependentTargetsInParallel = 1;
				LastSwiftUpdateCheck = 1530;
				LastUpgradeCheck = 1530;
				TargetAttributes = {
					FF6EBE5E2BCBA2E700D1187F = {
						CreatedOnToolsVersion = 15.3;
					};
					FF6EBE6E2BCBA2E900D1187F = {
						CreatedOnToolsVersion = 15.3;
						TestTargetID = FF6EBE5E2BCBA2E700D1187F;
					};
					FF6EBE782BCBA2E900D1187F = {
						CreatedOnToolsVersion = 15.3;
						TestTargetID = FF6EBE5E2BCBA2E700D1187F;
					};
				};
			};
			buildConfigurationList = FF6EBE5A2BCBA2E700D1187F /* Build configuration list for PBXProject "VolumeVibe" */;
			compatibilityVersion = "Xcode 14.0";
			developmentRegion = en;
			hasScannedForEncodings = 0;
			knownRegions = (
				en,
				Base,
			);
			mainGroup = FF6EBE562BCBA2E700D1187F;
			productRefGroup = FF6EBE602BCBA2E700D1187F /* Products */;
			projectDirPath = "";
			projectRoot = "";
			targets = (
				FF6EBE5E2BCBA2E700D1187F /* VolumeVibe */,
				FF6EBE6E2BCBA2E900D1187F /* VolumeVibeTests */,
				FF6EBE782BCBA2E900D1187F /* VolumeVibeUITests */,
			);
		};
/* End PBXProject section */

/* Begin PBXResourcesBuildPhase section */
		FF6EBE5D2BCBA2E700D1187F /* Resources */ = {
			isa = PBXResourcesBuildPhase;
			buildActionMask = 2147483647;
			files = (
				FF6EBE6A2BCBA2E800D1187F /* Preview Assets.xcassets in Resources */,
				FF6EBE672BCBA2E800D1187F /* Assets.xcassets in Resources */,
			);
			runOnlyForDeploymentPostprocessing = 0;
		};
		FF6EBE6D2BCBA2E900D1187F /* Resources */ = {
			isa = PBXResourcesBuildPhase;
			buildActionMask = 2147483647;
			files = (
			);
			runOnlyForDeploymentPostprocessing = 0;
		};
		FF6EBE772BCBA2E900D1187F /* Resources */ = {
			isa = PBXResourcesBuildPhase;
			buildActionMask = 2147483647;
			files = (
			);
			runOnlyForDeploymentPostprocessing = 0;
		};
/* End PBXResourcesBuildPhase section */

/* Begin PBXSourcesBuildPhase section */
		FF6EBE5B2BCBA2E700D1187F /* Sources */ = {
			isa = PBXSourcesBuildPhase;
			buildActionMask = 2147483647;
			files = (
				FFA9FD942BCBD9E000356E9E /* VolumeVibeFunctions.swift in Sources */,
				FF6EBE652BCBA2E700D1187F /* ContentView.swift in Sources */,
				FF6EBE632BCBA2E700D1187F /* VolumeVibeApp.swift in Sources */,
			);
			runOnlyForDeploymentPostprocessing = 0;
		};
		FF6EBE6B2BCBA2E900D1187F /* Sources */ = {
			isa = PBXSourcesBuildPhase;
			buildActionMask = 2147483647;
			files = (
				FF6EBE742BCBA2E900D1187F /* VolumeVibeTests.swift in Sources */,
			);
			runOnlyForDeploymentPostprocessing = 0;
		};
		FF6EBE752BCBA2E900D1187F /* Sources */ = {
			isa = PBXSourcesBuildPhase;
			buildActionMask = 2147483647;
			files = (
				FF6EBE802BCBA2E900D1187F /* VolumeVibeUITestsLaunchTests.swift in Sources */,
				FF6EBE7E2BCBA2E900D1187F /* VolumeVibeUITests.swift in Sources */,
			);
			runOnlyForDeploymentPostprocessing = 0;
		};
/* End PBXSourcesBuildPhase section */

/* Begin PBXTargetDependency section */
		FF6EBE712BCBA2E900D1187F /* PBXTargetDependency */ = {
			isa = PBXTargetDependency;
			target = FF6EBE5E2BCBA2E700D1187F /* VolumeVibe */;
			targetProxy = FF6EBE702BCBA2E900D1187F /* PBXContainerItemProxy */;
		};
		FF6EBE7B2BCBA2E900D1187F /* PBXTargetDependency */ = {
			isa = PBXTargetDependency;
			target = FF6EBE5E2BCBA2E700D1187F /* VolumeVibe */;
			targetProxy = FF6EBE7A2BCBA2E900D1187F /* PBXContainerItemProxy */;
		};
/* End PBXTargetDependency section */

/* Begin XCBuildConfiguration section */
		FF6EBE812BCBA2E900D1187F /* Debug */ = {
			isa = XCBuildConfiguration;
			buildSettings = {
				ALWAYS_SEARCH_USER_PATHS = NO;
				ASSETCATALOG_COMPILER_GENERATE_SWIFT_ASSET_SYMBOL_EXTENSIONS = YES;
				CLANG_ANALYZER_NONNULL = YES;
				CLANG_ANALYZER_NUMBER_OBJECT_CONVERSION = YES_AGGRESSIVE;
				CLANG_CXX_LANGUAGE_STANDARD = "gnu++20";
				CLANG_ENABLE_MODULES = YES;
				CLANG_ENABLE_OBJC_ARC = YES;
				CLANG_ENABLE_OBJC_WEAK = YES;
				CLANG_WARN_BLOCK_CAPTURE_AUTORELEASING = YES;
				CLANG_WARN_BOOL_CONVERSION = YES;
				CLANG_WARN_COMMA = YES;
				CLANG_WARN_CONSTANT_CONVERSION = YES;
				CLANG_WARN_DEPRECATED_OBJC_IMPLEMENTATIONS = YES;
				CLANG_WARN_DIRECT_OBJC_ISA_USAGE = YES_ERROR;
				CLANG_WARN_DOCUMENTATION_COMMENTS = YES;
				CLANG_WARN_EMPTY_BODY = YES;
				CLANG_WARN_ENUM_CONVERSION = YES;
				CLANG_WARN_INFINITE_RECURSION = YES;
				CLANG_WARN_INT_CONVERSION = YES;
				CLANG_WARN_NON_LITERAL_NULL_CONVERSION = YES;
				CLANG_WARN_OBJC_IMPLICIT_RETAIN_SELF = YES;
				CLANG_WARN_OBJC_LITERAL_CONVERSION = YES;
				CLANG_WARN_OBJC_ROOT_CLASS = YES_ERROR;
				CLANG_WARN_QUOTED_INCLUDE_IN_FRAMEWORK_HEADER = YES;
				CLANG_WARN_RANGE_LOOP_ANALYSIS = YES;
				CLANG_WARN_STRICT_PROTOTYPES = YES;
				CLANG_WARN_SUSPICIOUS_MOVE = YES;
				CLANG_WARN_UNGUARDED_AVAILABILITY = YES_AGGRESSIVE;
				CLANG_WARN_UNREACHABLE_CODE = YES;
				CLANG_WARN__DUPLICATE_METHOD_MATCH = YES;
				COPY_PHASE_STRIP = NO;
				DEBUG_INFORMATION_FORMAT = dwarf;
				ENABLE_STRICT_OBJC_MSGSEND = YES;
				ENABLE_TESTABILITY = YES;
				ENABLE_USER_SCRIPT_SANDBOXING = YES;
				GCC_C_LANGUAGE_STANDARD = gnu17;
				GCC_DYNAMIC_NO_PIC = NO;
				GCC_NO_COMMON_BLOCKS = YES;
				GCC_OPTIMIZATION_LEVEL = 0;
				GCC_PREPROCESSOR_DEFINITIONS = (
					"DEBUG=1",
					"$(inherited)",
				);
				GCC_WARN_64_TO_32_BIT_CONVERSION = YES;
				GCC_WARN_ABOUT_RETURN_TYPE = YES_ERROR;
				GCC_WARN_UNDECLARED_SELECTOR = YES;
				GCC_WARN_UNINITIALIZED_AUTOS = YES_AGGRESSIVE;
				GCC_WARN_UNUSED_FUNCTION = YES;
				GCC_WARN_UNUSED_VARIABLE = YES;
				IPHONEOS_DEPLOYMENT_TARGET = 17.4;
				LOCALIZATION_PREFERS_STRING_CATALOGS = YES;
				MTL_ENABLE_DEBUG_INFO = INCLUDE_SOURCE;
				MTL_FAST_MATH = YES;
				ONLY_ACTIVE_ARCH = YES;
				SDKROOT = iphoneos;
				SWIFT_ACTIVE_COMPILATION_CONDITIONS = "DEBUG $(inherited)";
				SWIFT_OPTIMIZATION_LEVEL = "-Onone";
			};
			name = Debug;
		};
		FF6EBE822BCBA2E900D1187F /* Release */ = {
			isa = XCBuildConfiguration;
			buildSettings = {
				ALWAYS_SEARCH_USER_PATHS = NO;
				ASSETCATALOG_COMPILER_GENERATE_SWIFT_ASSET_SYMBOL_EXTENSIONS = YES;
				CLANG_ANALYZER_NONNULL = YES;
				CLANG_ANALYZER_NUMBER_OBJECT_CONVERSION = YES_AGGRESSIVE;
				CLANG_CXX_LANGUAGE_STANDARD = "gnu++20";
				CLANG_ENABLE_MODULES = YES;
				CLANG_ENABLE_OBJC_ARC = YES;
				CLANG_ENABLE_OBJC_WEAK = YES;
				CLANG_WARN_BLOCK_CAPTURE_AUTORELEASING = YES;
				CLANG_WARN_BOOL_CONVERSION = YES;
				CLANG_WARN_COMMA = YES;
				CLANG_WARN_CONSTANT_CONVERSION = YES;
				CLANG_WARN_DEPRECATED_OBJC_IMPLEMENTATIONS = YES;
				CLANG_WARN_DIRECT_OBJC_ISA_USAGE = YES_ERROR;
				CLANG_WARN_DOCUMENTATION_COMMENTS = YES;
				CLANG_WARN_EMPTY_BODY = YES;
				CLANG_WARN_ENUM_CONVERSION = YES;
				CLANG_WARN_INFINITE_RECURSION = YES;
				CLANG_WARN_INT_CONVERSION = YES;
				CLANG_WARN_NON_LITERAL_NULL_CONVERSION = YES;
				CLANG_WARN_OBJC_IMPLICIT_RETAIN_SELF = YES;
				CLANG_WARN_OBJC_LITERAL_CONVERSION = YES;
				CLANG_WARN_OBJC_ROOT_CLASS = YES_ERROR;
				CLANG_WARN_QUOTED_INCLUDE_IN_FRAMEWORK_HEADER = YES;
				CLANG_WARN_RANGE_LOOP_ANALYSIS = YES;
				CLANG_WARN_STRICT_PROTOTYPES = YES;
				CLANG_WARN_SUSPICIOUS_MOVE = YES;
				CLANG_WARN_UNGUARDED_AVAILABILITY = YES_AGGRESSIVE;
				CLANG_WARN_UNREACHABLE_CODE = YES;
				CLANG_WARN__DUPLICATE_METHOD_MATCH = YES;
				COPY_PHASE_STRIP = NO;
				DEBUG_INFORMATION_FORMAT = "dwarf-with-dsym";
				ENABLE_NS_ASSERTIONS = NO;
				ENABLE_STRICT_OBJC_MSGSEND = YES;
				ENABLE_USER_SCRIPT_SANDBOXING = YES;
				GCC_C_LANGUAGE_STANDARD = gnu17;
				GCC_NO_COMMON_BLOCKS = YES;
				GCC_WARN_64_TO_32_BIT_CONVERSION = YES;
				GCC_WARN_ABOUT_RETURN_TYPE = YES_ERROR;
				GCC_WARN_UNDECLARED_SELECTOR = YES;
				GCC_WARN_UNINITIALIZED_AUTOS = YES_AGGRESSIVE;
				GCC_WARN_UNUSED_FUNCTION = YES;
				GCC_WARN_UNUSED_VARIABLE = YES;
				IPHONEOS_DEPLOYMENT_TARGET = 17.4;
				LOCALIZATION_PREFERS_STRING_CATALOGS = YES;
				MTL_ENABLE_DEBUG_INFO = NO;
				MTL_FAST_MATH = YES;
				SDKROOT = iphoneos;
				SWIFT_COMPILATION_MODE = wholemodule;
				VALIDATE_PRODUCT = YES;
			};
			name = Release;
		};
		FF6EBE842BCBA2E900D1187F /* Debug */ = {
			isa = XCBuildConfiguration;
			buildSettings = {
				ASSETCATALOG_COMPILER_APPICON_NAME = AppIcon;
				ASSETCATALOG_COMPILER_GLOBAL_ACCENT_COLOR_NAME = AccentColor;
				CODE_SIGN_STYLE = Automatic;
				CURRENT_PROJECT_VERSION = 1;
				DEVELOPMENT_ASSET_PATHS = "\"VolumeVibe/Preview Content\"";
				DEVELOPMENT_TEAM = ZR59599HJV;
				ENABLE_PREVIEWS = YES;
				GENERATE_INFOPLIST_FILE = YES;
				INFOPLIST_KEY_UIApplicationSceneManifest_Generation = YES;
				INFOPLIST_KEY_UIApplicationSupportsIndirectInputEvents = YES;
				INFOPLIST_KEY_UILaunchScreen_Generation = YES;
				INFOPLIST_KEY_UISupportedInterfaceOrientations_iPad = "UIInterfaceOrientationPortrait UIInterfaceOrientationPortraitUpsideDown UIInterfaceOrientationLandscapeLeft UIInterfaceOrientationLandscapeRight";
				INFOPLIST_KEY_UISupportedInterfaceOrientations_iPhone = "UIInterfaceOrientationPortrait UIInterfaceOrientationLandscapeLeft UIInterfaceOrientationLandscapeRight";
				LD_RUNPATH_SEARCH_PATHS = (
					"$(inherited)",
					"@executable_path/Frameworks",
				);
				MARKETING_VERSION = 1.0;
				PRODUCT_BUNDLE_IDENTIFIER = com.AcanXie.VolumeVibe;
				PRODUCT_NAME = "$(TARGET_NAME)";
				SWIFT_EMIT_LOC_STRINGS = YES;
				SWIFT_VERSION = 5.0;
				TARGETED_DEVICE_FAMILY = "1,2";
			};
			name = Debug;
		};
		FF6EBE852BCBA2E900D1187F /* Release */ = {
			isa = XCBuildConfiguration;
			buildSettings = {
				ASSETCATALOG_COMPILER_APPICON_NAME = AppIcon;
				ASSETCATALOG_COMPILER_GLOBAL_ACCENT_COLOR_NAME = AccentColor;
				CODE_SIGN_STYLE = Automatic;
				CURRENT_PROJECT_VERSION = 1;
				DEVELOPMENT_ASSET_PATHS = "\"VolumeVibe/Preview Content\"";
				DEVELOPMENT_TEAM = ZR59599HJV;
				ENABLE_PREVIEWS = YES;
				GENERATE_INFOPLIST_FILE = YES;
				INFOPLIST_KEY_UIApplicationSceneManifest_Generation = YES;
				INFOPLIST_KEY_UIApplicationSupportsIndirectInputEvents = YES;
				INFOPLIST_KEY_UILaunchScreen_Generation = YES;
				INFOPLIST_KEY_UISupportedInterfaceOrientations_iPad = "UIInterfaceOrientationPortrait UIInterfaceOrientationPortraitUpsideDown UIInterfaceOrientationLandscapeLeft UIInterfaceOrientationLandscapeRight";
				INFOPLIST_KEY_UISupportedInterfaceOrientations_iPhone = "UIInterfaceOrientationPortrait UIInterfaceOrientationLandscapeLeft UIInterfaceOrientationLandscapeRight";
				LD_RUNPATH_SEARCH_PATHS = (
					"$(inherited)",
					"@executable_path/Frameworks",
				);
				MARKETING_VERSION = 1.0;
				PRODUCT_BUNDLE_IDENTIFIER = com.AcanXie.VolumeVibe;
				PRODUCT_NAME = "$(TARGET_NAME)";
				SWIFT_EMIT_LOC_STRINGS = YES;
				SWIFT_VERSION = 5.0;
				TARGETED_DEVICE_FAMILY = "1,2";
			};
			name = Release;
		};
		FF6EBE872BCBA2E900D1187F /* Debug */ = {
			isa = XCBuildConfiguration;
			buildSettings = {
				ALWAYS_EMBED_SWIFT_STANDARD_LIBRARIES = YES;
				BUNDLE_LOADER = "$(TEST_HOST)";
				CODE_SIGN_STYLE = Automatic;
				CURRENT_PROJECT_VERSION = 1;
				DEVELOPMENT_TEAM = ZR59599HJV;
				GENERATE_INFOPLIST_FILE = YES;
				IPHONEOS_DEPLOYMENT_TARGET = 17.4;
				MARKETING_VERSION = 1.0;
				PRODUCT_BUNDLE_IDENTIFIER = com.AcanXie.VolumeVibeTests;
				PRODUCT_NAME = "$(TARGET_NAME)";
				SWIFT_EMIT_LOC_STRINGS = NO;
				SWIFT_VERSION = 5.0;
				TARGETED_DEVICE_FAMILY = "1,2";
				TEST_HOST = "$(BUILT_PRODUCTS_DIR)/VolumeVibe.app/$(BUNDLE_EXECUTABLE_FOLDER_PATH)/VolumeVibe";
			};
			name = Debug;
		};
		FF6EBE882BCBA2E900D1187F /* Release */ = {
			isa = XCBuildConfiguration;
			buildSettings = {
				ALWAYS_EMBED_SWIFT_STANDARD_LIBRARIES = YES;
				BUNDLE_LOADER = "$(TEST_HOST)";
				CODE_SIGN_STYLE = Automatic;
				CURRENT_PROJECT_VERSION = 1;
				DEVELOPMENT_TEAM = ZR59599HJV;
				GENERATE_INFOPLIST_FILE = YES;
				IPHONEOS_DEPLOYMENT_TARGET = 17.4;
				MARKETING_VERSION = 1.0;
				PRODUCT_BUNDLE_IDENTIFIER = com.AcanXie.VolumeVibeTests;
				PRODUCT_NAME = "$(TARGET_NAME)";
				SWIFT_EMIT_LOC_STRINGS = NO;
				SWIFT_VERSION = 5.0;
				TARGETED_DEVICE_FAMILY = "1,2";
				TEST_HOST = "$(BUILT_PRODUCTS_DIR)/VolumeVibe.app/$(BUNDLE_EXECUTABLE_FOLDER_PATH)/VolumeVibe";
			};
			name = Release;
		};
		FF6EBE8A2BCBA2E900D1187F /* Debug */ = {
			isa = XCBuildConfiguration;
			buildSettings = {
				ALWAYS_EMBED_SWIFT_STANDARD_LIBRARIES = YES;
				CODE_SIGN_STYLE = Automatic;
				CURRENT_PROJECT_VERSION = 1;
				DEVELOPMENT_TEAM = ZR59599HJV;
				GENERATE_INFOPLIST_FILE = YES;
				MARKETING_VERSION = 1.0;
				PRODUCT_BUNDLE_IDENTIFIER = com.AcanXie.VolumeVibeUITests;
				PRODUCT_NAME = "$(TARGET_NAME)";
				SWIFT_EMIT_LOC_STRINGS = NO;
				SWIFT_VERSION = 5.0;
				TARGETED_DEVICE_FAMILY = "1,2";
				TEST_TARGET_NAME = VolumeVibe;
			};
			name = Debug;
		};
		FF6EBE8B2BCBA2E900D1187F /* Release */ = {
			isa = XCBuildConfiguration;
			buildSettings = {
				ALWAYS_EMBED_SWIFT_STANDARD_LIBRARIES = YES;
				CODE_SIGN_STYLE = Automatic;
				CURRENT_PROJECT_VERSION = 1;
				DEVELOPMENT_TEAM = ZR59599HJV;
				GENERATE_INFOPLIST_FILE = YES;
				MARKETING_VERSION = 1.0;
				PRODUCT_BUNDLE_IDENTIFIER = com.AcanXie.VolumeVibeUITests;
				PRODUCT_NAME = "$(TARGET_NAME)";
				SWIFT_EMIT_LOC_STRINGS = NO;
				SWIFT_VERSION = 5.0;
				TARGETED_DEVICE_FAMILY = "1,2";
				TEST_TARGET_NAME = VolumeVibe;
			};
			name = Release;
		};
/* End XCBuildConfiguration section */

/* Begin XCConfigurationList section */
		FF6EBE5A2BCBA2E700D1187F /* Build configuration list for PBXProject "VolumeVibe" */ = {
			isa = XCConfigurationList;
			buildConfigurations = (
				FF6EBE812BCBA2E900D1187F /* Debug */,
				FF6EBE822BCBA2E900D1187F /* Release */,
			);
			defaultConfigurationIsVisible = 0;
			defaultConfigurationName = Release;
		};
		FF6EBE832BCBA2E900D1187F /* Build configuration list for PBXNativeTarget "VolumeVibe" */ = {
			isa = XCConfigurationList;
			buildConfigurations = (
				FF6EBE842BCBA2E900D1187F /* Debug */,
				FF6EBE852BCBA2E900D1187F /* Release */,
			);
			defaultConfigurationIsVisible = 0;
			defaultConfigurationName = Release;
		};
		FF6EBE862BCBA2E900D1187F /* Build configuration list for PBXNativeTarget "VolumeVibeTests" */ = {
			isa = XCConfigurationList;
			buildConfigurations = (
				FF6EBE872BCBA2E900D1187F /* Debug */,
				FF6EBE882BCBA2E900D1187F /* Release */,
			);
			defaultConfigurationIsVisible = 0;
			defaultConfigurationName = Release;
		};
		FF6EBE892BCBA2E900D1187F /* Build configuration list for PBXNativeTarget "VolumeVibeUITests" */ = {
			isa = XCConfigurationList;
			buildConfigurations = (
				FF6EBE8A2BCBA2E900D1187F /* Debug */,
				FF6EBE8B2BCBA2E900D1187F /* Release */,
			);
			defaultConfigurationIsVisible = 0;
			defaultConfigurationName = Release;
		};
/* End XCConfigurationList section */
	};
	rootObject = FF6EBE572BCBA2E700D1187F /* Project object */;
}
